
Microsoft Visual Studio Solution File, Format Version 12.00
# Visual Studio 15
VisualStudioVersion = 15.0.28307.168
MinimumVisualStudioVersion = 10.0.40219.1
Project("{FAE04EC0-301F-11D3-BF4B-00C04F79EFBC}") = "SOsimulatorWinForms", "SOsimulatorWinForms\SOsimulatorWinForms.csproj", "{3A7FF089-1DE1-444B-BCE6-9AD4CEFADF62}"
EndProject
Global
	GlobalSection(SolutionConfigurationPlatforms) = preSolution
		Debug|Any CPU = Debug|Any CPU
		Release|Any CPU = Release|Any CPU
	EndGlobalSection
	GlobalSection(ProjectConfigurationPlatforms) = postSolution
		{3A7FF089-1DE1-444B-BCE6-9AD4CEFADF62}.Debug|Any CPU.ActiveCfg = Debug|Any CPU
		{3A7FF089-1DE1-444B-BCE6-9AD4CEFADF62}.Debug|Any CPU.Build.0 = Debug|Any CPU
		{3A7FF089-1DE1-444B-BCE6-9AD4CEFADF62}.Release|Any CPU.ActiveCfg = Release|Any CPU
		{3A7FF089-1DE1-444B-BCE6-9AD4CEFADF62}.Release|Any CPU.Build.0 = Release|Any CPU
	EndGlobalSection
	GlobalSection(SolutionProperties) = preSolution
		HideSolutionNode = FALSE
	EndGlobalSection
	GlobalSection(ExtensibilityGlobals) = postSolution
		SolutionGuid = {0F31C53F-1021-4E7D-AAF6-4F236EA7F0AD}
	EndGlobalSection
EndGlobal
